
Microsoft Visual Studio Solution File, Format Version 12.00
# Visual Studio Version 16
VisualStudioVersion = 16.0.30011.22
MinimumVisualStudioVersion = 10.0.40219.1
Project("{FAE04EC0-301F-11D3-BF4B-00C04F79EFBC}") = "PersonalPortfolioSite", "PersonalPortfolioSite.csproj", "{077221F5-D23B-4F17-8334-5775436BF36E}"
EndProject
Global
	GlobalSection(SolutionConfigurationPlatforms) = preSolution
		Debug|Any CPU = Debug|Any CPU
		Release|Any CPU = Release|Any CPU
	EndGlobalSection
	GlobalSection(ProjectConfigurationPlatforms) = postSolution
		{077221F5-D23B-4F17-8334-5775436BF36E}.Debug|Any CPU.ActiveCfg = Debug|Any CPU
		{077221F5-D23B-4F17-8334-5775436BF36E}.Debug|Any CPU.Build.0 = Debug|Any CPU
		{077221F5-D23B-4F17-8334-5775436BF36E}.Release|Any CPU.ActiveCfg = Release|Any CPU
		{077221F5-D23B-4F17-8334-5775436BF36E}.Release|Any CPU.Build.0 = Release|Any CPU
	EndGlobalSection
	GlobalSection(SolutionProperties) = preSolution
		HideSolutionNode = FALSE
	EndGlobalSection
	GlobalSection(ExtensibilityGlobals) = postSolution
		SolutionGuid = {A2E9E537-C483-4706-8DE9-D9B663BDAAB8}
	EndGlobalSection
EndGlobal
